{\n  "name": "seaweed-ambanifony",\n  "version": "1.0.0",\n  "lockfileVersion": 2,\n  "dependencies": {\n    "react": {\n      "version": "^18.0.0",\n      "resolved": "https://registry.npmjs.org/react/-/react-18.0.0.tgz",\n      "integrity": "sha512-...",\n      "dev": false,\n      "engines": {\n        "node": ">=14"
      }\n    },\n    "react-dom": {\n      "version": "^18.0.0",\n      "resolved": "https://registry.npmjs.org/react-dom/-/react-dom-18.0.0.tgz",\n      "integrity": "sha512-...",\n      "dev": false,\n      "engines": {\n        "node": ">=14"
      }\n    },\n    "@google/genai": {\n      "version": "^1.0.0",\n      "resolved": "https://registry.npmjs.org/@google/genai/-/genai-1.0.0.tgz",\n      "integrity": "sha512-...",\n      "dev": false
    },\n    "@supabase/supabase-js": {\n      "version": "^1.0.0",\n      "resolved": "https://registry.npmjs.org/@supabase/supabase-js/-/supabase-js-1.0.0.tgz",\n      "integrity": "sha512-...",\n      "dev": false
    },\n    "vite": {\n      "version": "^4.0.0",\n      "resolved": "https://registry.npmjs.org/vite/-/vite-4.0.0.tgz",\n      "integrity": "sha512-...",\n      "dev": false
    },\n    "@vitejs/plugin-react": {\n      "version": "^4.0.0",\n      "resolved": "https://registry.npmjs.org/@vitejs/plugin-react/-/plugin-react-4.0.0.tgz",\n      "integrity": "sha512-...",\n      "dev": false\n    },\n    "typescript": {\n      "version": "^5.0.0",\n      "resolved": "https://registry.npmjs.org/typescript/-/typescript-5.0.0.tgz",\n      "integrity": "sha512-...",\n      "dev": false
    },\n    "@types/node": {\n      "version": "^16.0.0",\n      "resolved": "https://registry.npmjs.org/@types/node/-/node-16.0.0.tgz",\n      "integrity": "sha512-...",\n      "dev": false\n    }\n  },\n  "devDependencies": {},\n  "peerDependencies": {},\n  "engines": {\n    "node": ">=14"\n  }\n}